{
  "name": "service",
  "version": "1.0.0",
  "lockfileVersion": 1,
  "requires": true,
  "dependencies": {
    "vee-validate": {
      "version": "3.3.9",
      "resolved": "https://registry.npmjs.org/vee-validate/-/vee-validate-3.3.9.tgz",
      "integrity": "sha512-0ibP+8dNU8XitkhcB5UBnVlHdPlUqFx6jGg4vNUN/lw5geVKBvgyo83y7YCvYA5iqQPgCnuQxsx8kTHa0d/Zyw=="
    },
    "vue": {
      "version": "2.6.11",
      "resolved": "https://registry.npmjs.org/vue/-/vue-2.6.11.tgz",
      "integrity": "sha512-VfPwgcGABbGAue9+sfrD4PuwFar7gPb1yl1UK1MwXoQPAw0BKSqWfoYCT/ThFrdEVWoI51dBuyCoiNU9bZDZxQ=="
    },
    "vuex": {
      "version": "3.3.0",
      "resolved": "https://registry.npmjs.org/vuex/-/vuex-3.3.0.tgz",
      "integrity": "sha512-1MfcBt+YFd20DPwKe0ThhYm1UEXZya4gVKUvCy7AtS11YAOUR+9a6u4fsv1Rr6ePZCDNxW/M1zuIaswp6nNv8Q=="
    }
  }
}
